
Microsoft Visual Studio Solution File, Format Version 12.00
# Visual Studio Version 16
VisualStudioVersion = 16.0.29009.5
MinimumVisualStudioVersion = 10.0.40219.1
Project("{FAE04EC0-301F-11D3-BF4B-00C04F79EFBC}") = "ControlTask", "ControlTask.csproj", "{74BE6525-94E9-482B-950F-9FC21F522CC6}"
EndProject
Global
	GlobalSection(SolutionConfigurationPlatforms) = preSolution
		Debug|Any CPU = Debug|Any CPU
		Release|Any CPU = Release|Any CPU
	EndGlobalSection
	GlobalSection(ProjectConfigurationPlatforms) = postSolution
		{74BE6525-94E9-482B-950F-9FC21F522CC6}.Debug|Any CPU.ActiveCfg = Debug|Any CPU
		{74BE6525-94E9-482B-950F-9FC21F522CC6}.Debug|Any CPU.Build.0 = Debug|Any CPU
		{74BE6525-94E9-482B-950F-9FC21F522CC6}.Release|Any CPU.ActiveCfg = Release|Any CPU
		{74BE6525-94E9-482B-950F-9FC21F522CC6}.Release|Any CPU.Build.0 = Release|Any CPU
	EndGlobalSection
	GlobalSection(SolutionProperties) = preSolution
		HideSolutionNode = FALSE
	EndGlobalSection
	GlobalSection(ExtensibilityGlobals) = postSolution
		SolutionGuid = {9FAAB02B-5524-4EAD-89EA-864DA015DC18}
	EndGlobalSection
EndGlobal
